
Microsoft Visual Studio Solution File, Format Version 12.00
# Visual Studio Version 17
VisualStudioVersion = 17.3.32825.248
MinimumVisualStudioVersion = 10.0.40219.1
Project("{9A19103F-16F7-4668-BE54-9A1E7A4F7556}") = "BRIDGES.McNeel.RhinoCommon", "BRIDGES.McNeel.RhinoCommon\BRIDGES.McNeel.RhinoCommon.csproj", "{1D288B95-8912-42A9-BC5E-234F10823F07}"
EndProject
Project("{9A19103F-16F7-4668-BE54-9A1E7A4F7556}") = "BRIDGES.McNeel.Grasshopper", "BRIDGES.McNeel.Grasshopper\BRIDGES.McNeel.Grasshopper.csproj", "{9DF0518B-768D-4C45-8BC6-AE8DE027F95F}"
EndProject
Global
	GlobalSection(SolutionConfigurationPlatforms) = preSolution
		Debug|Any CPU = Debug|Any CPU
		Release|Any CPU = Release|Any CPU
	EndGlobalSection
	GlobalSection(ProjectConfigurationPlatforms) = postSolution
		{1D288B95-8912-42A9-BC5E-234F10823F07}.Debug|Any CPU.ActiveCfg = Debug|Any CPU
		{1D288B95-8912-42A9-BC5E-234F10823F07}.Debug|Any CPU.Build.0 = Debug|Any CPU
		{1D288B95-8912-42A9-BC5E-234F10823F07}.Release|Any CPU.ActiveCfg = Release|Any CPU
		{1D288B95-8912-42A9-BC5E-234F10823F07}.Release|Any CPU.Build.0 = Release|Any CPU
		{9DF0518B-768D-4C45-8BC6-AE8DE027F95F}.Debug|Any CPU.ActiveCfg = Debug|Any CPU
		{9DF0518B-768D-4C45-8BC6-AE8DE027F95F}.Debug|Any CPU.Build.0 = Debug|Any CPU
		{9DF0518B-768D-4C45-8BC6-AE8DE027F95F}.Release|Any CPU.ActiveCfg = Release|Any CPU
		{9DF0518B-768D-4C45-8BC6-AE8DE027F95F}.Release|Any CPU.Build.0 = Release|Any CPU
	EndGlobalSection
	GlobalSection(SolutionProperties) = preSolution
		HideSolutionNode = FALSE
	EndGlobalSection
	GlobalSection(ExtensibilityGlobals) = postSolution
		SolutionGuid = {3CB12EA1-09E5-48ED-B227-6429D223CFC2}
	EndGlobalSection
EndGlobal
